<Solution>
  <Project Path="EFCoreLoader/EFCoreLoader.csproj" Id="a2d25978-b92c-48cb-bb94-71c2c283d7fd" />
  <Project Path="SampleDatabase/SampleDatabase.csproj" Id="d96aa14c-0c03-4419-9e4e-8b0a6957ab04" />
  <Project Path="TestLoader/TestLoader.csproj" Id="0761e1d0-487e-4a30-a684-1f850f6d8163" />
</Solution>
